# generated by rye
# use `rye lock` or `rye sync` to update this lockfile
#
# last locked with the following flags:
#   pre: false
#   features: []
#   all-features: false
#   with-sources: false
#   generate-hashes: false

-e file:.
absl-py==1.4.0
    # via ortools
ac-library-python @ git+https://github.com/not522/ac-library-python@58f324ec020d57191e7b9e4957b0c5feb5ed3aff
    # via atcoder-upsolve
bitarray==2.6.2
    # via atcoder-upsolve
black==23.3.0
click==8.1.7
    # via black
gmpy2==2.1.5
    # via atcoder-upsolve
iniconfig==2.0.0
    # via pytest
joblib==1.3.2
    # via scikit-learn
lightgbm==3.3.1
    # via atcoder-upsolve
llvmlite==0.40.1
    # via numba
more-itertools==9.0.0
    # via atcoder-upsolve
mpmath==1.2.1
    # via atcoder-upsolve
    # via sympy
mypy==1.5.1
mypy-extensions==1.0.0
    # via black
    # via mypy
networkx==3.0
    # via atcoder-upsolve
numba==0.57.0
    # via atcoder-upsolve
numpy==1.24.1
    # via atcoder-upsolve
    # via lightgbm
    # via numba
    # via ortools
    # via pandas
    # via scikit-learn
    # via scipy
    # via shapely
ortools==9.5.2237
    # via atcoder-upsolve
packaging==22.0
    # via black
    # via pytest
pandas==1.5.2
    # via atcoder-upsolve
pathspec==0.11.2
    # via black
platformdirs==3.10.0
    # via black
pluggy==1.3.0
    # via pytest
polars==0.15.15
    # via atcoder-upsolve
protobuf==4.24.3
    # via ortools
pulp==2.7.0
    # via atcoder-upsolve
pytest==7.3.2
python-dateutil==2.8.2
    # via pandas
pytz==2023.3.post1
    # via pandas
ruff==0.7.1
scikit-learn==1.2.0
    # via atcoder-upsolve
    # via lightgbm
scipy==1.10.1
    # via atcoder-upsolve
    # via lightgbm
    # via scikit-learn
shapely==2.0.0
    # via atcoder-upsolve
six==1.16.0
    # via python-dateutil
sortedcontainers==2.4.0
    # via atcoder-upsolve
sympy==1.11.1
    # via atcoder-upsolve
threadpoolctl==3.2.0
    # via scikit-learn
torch==1.13.1+cpu
    # via atcoder-upsolve
typing-extensions==4.8.0
    # via mypy
    # via torch
wheel==0.41.2
    # via lightgbm
z3-solver==4.12.1.0
    # via atcoder-upsolve
